
Microsoft Visual Studio Solution File, Format Version 12.00
# Visual Studio 2012
Project("{FAE04EC0-301F-11D3-BF4B-00C04F79EFBC}") = "Primitives_RefTypes_ValTypes", "Primitives_RefTypes_ValTypes\Primitives_RefTypes_ValTypes.csproj", "{1667900B-67F6-4ED3-B173-6E57096EEE00}"
EndProject
Global
	GlobalSection(SolutionConfigurationPlatforms) = preSolution
		Debug|Any CPU = Debug|Any CPU
		Release|Any CPU = Release|Any CPU
	EndGlobalSection
	GlobalSection(ProjectConfigurationPlatforms) = postSolution
		{1667900B-67F6-4ED3-B173-6E57096EEE00}.Debug|Any CPU.ActiveCfg = Debug|Any CPU
		{1667900B-67F6-4ED3-B173-6E57096EEE00}.Debug|Any CPU.Build.0 = Debug|Any CPU
		{1667900B-67F6-4ED3-B173-6E57096EEE00}.Release|Any CPU.ActiveCfg = Release|Any CPU
		{1667900B-67F6-4ED3-B173-6E57096EEE00}.Release|Any CPU.Build.0 = Release|Any CPU
	EndGlobalSection
	GlobalSection(SolutionProperties) = preSolution
		HideSolutionNode = FALSE
	EndGlobalSection
EndGlobal
